
Microsoft Visual Studio Solution File, Format Version 12.00
# Visual Studio Version 16
VisualStudioVersion = 16.0.30907.101
MinimumVisualStudioVersion = 10.0.40219.1
Project("{FAE04EC0-301F-11D3-BF4B-00C04F79EFBC}") = "AlgorithmCsharp", "AlgorithmCsharp\AlgorithmCsharp.csproj", "{51AE835B-7A9A-445E-BD69-36290BD30461}"
EndProject
Global
	GlobalSection(SolutionConfigurationPlatforms) = preSolution
		Debug|Any CPU = Debug|Any CPU
		Release|Any CPU = Release|Any CPU
	EndGlobalSection
	GlobalSection(ProjectConfigurationPlatforms) = postSolution
		{51AE835B-7A9A-445E-BD69-36290BD30461}.Debug|Any CPU.ActiveCfg = Debug|Any CPU
		{51AE835B-7A9A-445E-BD69-36290BD30461}.Debug|Any CPU.Build.0 = Debug|Any CPU
		{51AE835B-7A9A-445E-BD69-36290BD30461}.Release|Any CPU.ActiveCfg = Release|Any CPU
		{51AE835B-7A9A-445E-BD69-36290BD30461}.Release|Any CPU.Build.0 = Release|Any CPU
	EndGlobalSection
	GlobalSection(SolutionProperties) = preSolution
		HideSolutionNode = FALSE
	EndGlobalSection
	GlobalSection(ExtensibilityGlobals) = postSolution
		SolutionGuid = {85867228-DD3C-4B0D-8E35-5D1639477FBC}
	EndGlobalSection
EndGlobal
